
Microsoft Visual Studio Solution File, Format Version 12.00
# Visual Studio Version 17
VisualStudioVersion = 17.7.34003.232
MinimumVisualStudioVersion = 10.0.40219.1
Project("{FAE04EC0-301F-11D3-BF4B-00C04F79EFBC}") = "Strings_Jackson_Lydia", "Strings_Jackson_Lydia.csproj", "{DA0C8A4C-FA7D-4715-8B92-A6DAF951F04F}"
EndProject
Global
	GlobalSection(SolutionConfigurationPlatforms) = preSolution
		Debug|Any CPU = Debug|Any CPU
		Release|Any CPU = Release|Any CPU
	EndGlobalSection
	GlobalSection(ProjectConfigurationPlatforms) = postSolution
		{DA0C8A4C-FA7D-4715-8B92-A6DAF951F04F}.Debug|Any CPU.ActiveCfg = Debug|Any CPU
		{DA0C8A4C-FA7D-4715-8B92-A6DAF951F04F}.Debug|Any CPU.Build.0 = Debug|Any CPU
		{DA0C8A4C-FA7D-4715-8B92-A6DAF951F04F}.Release|Any CPU.ActiveCfg = Release|Any CPU
		{DA0C8A4C-FA7D-4715-8B92-A6DAF951F04F}.Release|Any CPU.Build.0 = Release|Any CPU
	EndGlobalSection
	GlobalSection(SolutionProperties) = preSolution
		HideSolutionNode = FALSE
	EndGlobalSection
	GlobalSection(ExtensibilityGlobals) = postSolution
		SolutionGuid = {ACE229E3-3A13-46E9-9E5D-DB5C7A285DDA}
	EndGlobalSection
EndGlobal
